
Microsoft Visual Studio Solution File, Format Version 9.00
# Visual Studio 2005
Project("{FAE04EC0-301F-11D3-BF4B-00C04F79EFBC}") = "InformationCardActivities", "InformationCardActivities\InformationCardActivities.csproj", "{3EC97ABA-68AD-4EA2-86F3-BBD0F3FA7740}"
EndProject
Project("{FAE04EC0-301F-11D3-BF4B-00C04F79EFBC}") = "ManagedInformationCard", "ManagedInformationCard\ManagedInformationCard.csproj", "{77301A7B-BF8B-42E6-A62B-2C92D139036B}"
EndProject
Project("{FAE04EC0-301F-11D3-BF4B-00C04F79EFBC}") = "ConsoleCardIssuanceWorkflow", "ConsoleCardIssuanceWorkflow\ConsoleCardIssuanceWorkflow.csproj", "{B01618C2-A68F-470E-9179-753FBEA1E9A3}"
EndProject
Global
	GlobalSection(SolutionConfigurationPlatforms) = preSolution
		Debug|Any CPU = Debug|Any CPU
		Release|Any CPU = Release|Any CPU
	EndGlobalSection
	GlobalSection(ProjectConfigurationPlatforms) = postSolution
		{3EC97ABA-68AD-4EA2-86F3-BBD0F3FA7740}.Debug|Any CPU.ActiveCfg = Debug|Any CPU
		{3EC97ABA-68AD-4EA2-86F3-BBD0F3FA7740}.Debug|Any CPU.Build.0 = Debug|Any CPU
		{3EC97ABA-68AD-4EA2-86F3-BBD0F3FA7740}.Release|Any CPU.ActiveCfg = Release|Any CPU
		{3EC97ABA-68AD-4EA2-86F3-BBD0F3FA7740}.Release|Any CPU.Build.0 = Release|Any CPU
		{77301A7B-BF8B-42E6-A62B-2C92D139036B}.Debug|Any CPU.ActiveCfg = Debug|Any CPU
		{77301A7B-BF8B-42E6-A62B-2C92D139036B}.Debug|Any CPU.Build.0 = Debug|Any CPU
		{77301A7B-BF8B-42E6-A62B-2C92D139036B}.Release|Any CPU.ActiveCfg = Release|Any CPU
		{77301A7B-BF8B-42E6-A62B-2C92D139036B}.Release|Any CPU.Build.0 = Release|Any CPU
		{B01618C2-A68F-470E-9179-753FBEA1E9A3}.Debug|Any CPU.ActiveCfg = Debug|Any CPU
		{B01618C2-A68F-470E-9179-753FBEA1E9A3}.Debug|Any CPU.Build.0 = Debug|Any CPU
		{B01618C2-A68F-470E-9179-753FBEA1E9A3}.Release|Any CPU.ActiveCfg = Release|Any CPU
		{B01618C2-A68F-470E-9179-753FBEA1E9A3}.Release|Any CPU.Build.0 = Release|Any CPU
	EndGlobalSection
	GlobalSection(SolutionProperties) = preSolution
		HideSolutionNode = FALSE
	EndGlobalSection
EndGlobal
